
Microsoft Visual Studio Solution File, Format Version 12.00
# Visual Studio Version 17
VisualStudioVersion = 17.9.34723.18
MinimumVisualStudioVersion = 10.0.40219.1
Project("{9A19103F-16F7-4668-BE54-9A1E7A4F7556}") = "LearningWPF", "LearningWPF\LearningWPF.csproj", "{C2D69BF1-62A4-4E0F-86A3-DCC6EE4ED717}"
EndProject
Project("{FAE04EC0-301F-11D3-BF4B-00C04F79EFBC}") = "MyExtension", "MyExtension\MyExtension\MyExtension.csproj", "{8C633BF6-07EC-4A40-BDB5-F37CCF91939F}"
EndProject
Project("{FAE04EC0-301F-11D3-BF4B-00C04F79EFBC}") = "GD", "VSIXProjectHelloWorld\GD.csproj", "{89B1145F-C03C-4E1B-9F48-19A0C6AC27E4}"
EndProject
Project("{8BC9CEB8-8B4A-11D0-8D11-00A0C91BC942}") = "GLutility", "GLutility\GLutility.vcxproj", "{EB6EC3F4-0AA8-47C5-8C84-49178070565E}"
EndProject
Project("{8BC9CEB8-8B4A-11D0-8D11-00A0C91BC942}") = "ContextOpenGL", "ContextOpenGL\ContextOpenGL.vcxproj", "{4AC669F7-246F-4509-AA6E-2EC3123A546E}"
EndProject
Project("{8BC9CEB8-8B4A-11D0-8D11-00A0C91BC942}") = "OpenGLLearning", "OpenGLLearning\OpenGLLearning.vcxproj", "{71DAC1F6-1BC7-41E7-A880-1624CF0743CF}"
EndProject
Project("{8BC9CEB8-8B4A-11D0-8D11-00A0C91BC942}") = "ReadMemoryMappedFile", "ReadMemoryMappedFile\ReadMemoryMappedFile.vcxproj", "{FD40DEAE-7749-4C0A-89FE-548C071A3664}"
EndProject
Global
	GlobalSection(SolutionConfigurationPlatforms) = preSolution
		Debug|Any CPU = Debug|Any CPU
		Debug|ARM = Debug|ARM
		Debug|arm64 = Debug|arm64
		Debug|x64 = Debug|x64
		Debug|x86 = Debug|x86
		Release|Any CPU = Release|Any CPU
		Release|ARM = Release|ARM
		Release|arm64 = Release|arm64
		Release|x64 = Release|x64
		Release|x86 = Release|x86
	EndGlobalSection
	GlobalSection(ProjectConfigurationPlatforms) = postSolution
		{C2D69BF1-62A4-4E0F-86A3-DCC6EE4ED717}.Debug|Any CPU.ActiveCfg = Debug|Any CPU
		{C2D69BF1-62A4-4E0F-86A3-DCC6EE4ED717}.Debug|Any CPU.Build.0 = Debug|Any CPU
		{C2D69BF1-62A4-4E0F-86A3-DCC6EE4ED717}.Debug|ARM.ActiveCfg = Debug|Any CPU
		{C2D69BF1-62A4-4E0F-86A3-DCC6EE4ED717}.Debug|ARM.Build.0 = Debug|Any CPU
		{C2D69BF1-62A4-4E0F-86A3-DCC6EE4ED717}.Debug|arm64.ActiveCfg = Debug|Any CPU
		{C2D69BF1-62A4-4E0F-86A3-DCC6EE4ED717}.Debug|arm64.Build.0 = Debug|Any CPU
		{C2D69BF1-62A4-4E0F-86A3-DCC6EE4ED717}.Debug|x64.ActiveCfg = Debug|Any CPU
		{C2D69BF1-62A4-4E0F-86A3-DCC6EE4ED717}.Debug|x64.Build.0 = Debug|Any CPU
		{C2D69BF1-62A4-4E0F-86A3-DCC6EE4ED717}.Debug|x86.ActiveCfg = Debug|Any CPU
		{C2D69BF1-62A4-4E0F-86A3-DCC6EE4ED717}.Debug|x86.Build.0 = Debug|Any CPU
		{C2D69BF1-62A4-4E0F-86A3-DCC6EE4ED717}.Release|Any CPU.ActiveCfg = Release|Any CPU
		{C2D69BF1-62A4-4E0F-86A3-DCC6EE4ED717}.Release|Any CPU.Build.0 = Release|Any CPU
		{C2D69BF1-62A4-4E0F-86A3-DCC6EE4ED717}.Release|ARM.ActiveCfg = Release|Any CPU
		{C2D69BF1-62A4-4E0F-86A3-DCC6EE4ED717}.Release|ARM.Build.0 = Release|Any CPU
		{C2D69BF1-62A4-4E0F-86A3-DCC6EE4ED717}.Release|arm64.ActiveCfg = Release|Any CPU
		{C2D69BF1-62A4-4E0F-86A3-DCC6EE4ED717}.Release|arm64.Build.0 = Release|Any CPU
		{C2D69BF1-62A4-4E0F-86A3-DCC6EE4ED717}.Release|x64.ActiveCfg = Release|Any CPU
		{C2D69BF1-62A4-4E0F-86A3-DCC6EE4ED717}.Release|x64.Build.0 = Release|Any CPU
		{C2D69BF1-62A4-4E0F-86A3-DCC6EE4ED717}.Release|x86.ActiveCfg = Release|Any CPU
		{C2D69BF1-62A4-4E0F-86A3-DCC6EE4ED717}.Release|x86.Build.0 = Release|Any CPU
		{8C633BF6-07EC-4A40-BDB5-F37CCF91939F}.Debug|Any CPU.ActiveCfg = Debug|Any CPU
		{8C633BF6-07EC-4A40-BDB5-F37CCF91939F}.Debug|Any CPU.Build.0 = Debug|Any CPU
		{8C633BF6-07EC-4A40-BDB5-F37CCF91939F}.Debug|ARM.ActiveCfg = Debug|Any CPU
		{8C633BF6-07EC-4A40-BDB5-F37CCF91939F}.Debug|ARM.Build.0 = Debug|Any CPU
		{8C633BF6-07EC-4A40-BDB5-F37CCF91939F}.Debug|arm64.ActiveCfg = Debug|arm64
		{8C633BF6-07EC-4A40-BDB5-F37CCF91939F}.Debug|arm64.Build.0 = Debug|arm64
		{8C633BF6-07EC-4A40-BDB5-F37CCF91939F}.Debug|x64.ActiveCfg = Debug|Any CPU
		{8C633BF6-07EC-4A40-BDB5-F37CCF91939F}.Debug|x64.Build.0 = Debug|Any CPU
		{8C633BF6-07EC-4A40-BDB5-F37CCF91939F}.Debug|x86.ActiveCfg = Debug|x86
		{8C633BF6-07EC-4A40-BDB5-F37CCF91939F}.Debug|x86.Build.0 = Debug|x86
		{8C633BF6-07EC-4A40-BDB5-F37CCF91939F}.Release|Any CPU.ActiveCfg = Release|Any CPU
		{8C633BF6-07EC-4A40-BDB5-F37CCF91939F}.Release|Any CPU.Build.0 = Release|Any CPU
		{8C633BF6-07EC-4A40-BDB5-F37CCF91939F}.Release|ARM.ActiveCfg = Release|Any CPU
		{8C633BF6-07EC-4A40-BDB5-F37CCF91939F}.Release|ARM.Build.0 = Release|Any CPU
		{8C633BF6-07EC-4A40-BDB5-F37CCF91939F}.Release|arm64.ActiveCfg = Release|arm64
		{8C633BF6-07EC-4A40-BDB5-F37CCF91939F}.Release|arm64.Build.0 = Release|arm64
		{8C633BF6-07EC-4A40-BDB5-F37CCF91939F}.Release|x64.ActiveCfg = Release|Any CPU
		{8C633BF6-07EC-4A40-BDB5-F37CCF91939F}.Release|x64.Build.0 = Release|Any CPU
		{8C633BF6-07EC-4A40-BDB5-F37CCF91939F}.Release|x86.ActiveCfg = Release|x86
		{8C633BF6-07EC-4A40-BDB5-F37CCF91939F}.Release|x86.Build.0 = Release|x86
		{89B1145F-C03C-4E1B-9F48-19A0C6AC27E4}.Debug|Any CPU.ActiveCfg = Debug|Any CPU
		{89B1145F-C03C-4E1B-9F48-19A0C6AC27E4}.Debug|Any CPU.Build.0 = Debug|Any CPU
		{89B1145F-C03C-4E1B-9F48-19A0C6AC27E4}.Debug|ARM.ActiveCfg = Debug|Any CPU
		{89B1145F-C03C-4E1B-9F48-19A0C6AC27E4}.Debug|ARM.Build.0 = Debug|Any CPU
		{89B1145F-C03C-4E1B-9F48-19A0C6AC27E4}.Debug|arm64.ActiveCfg = Debug|arm64
		{89B1145F-C03C-4E1B-9F48-19A0C6AC27E4}.Debug|arm64.Build.0 = Debug|arm64
		{89B1145F-C03C-4E1B-9F48-19A0C6AC27E4}.Debug|x64.ActiveCfg = Debug|Any CPU
		{89B1145F-C03C-4E1B-9F48-19A0C6AC27E4}.Debug|x64.Build.0 = Debug|Any CPU
		{89B1145F-C03C-4E1B-9F48-19A0C6AC27E4}.Debug|x86.ActiveCfg = Debug|x86
		{89B1145F-C03C-4E1B-9F48-19A0C6AC27E4}.Debug|x86.Build.0 = Debug|x86
		{89B1145F-C03C-4E1B-9F48-19A0C6AC27E4}.Release|Any CPU.ActiveCfg = Release|Any CPU
		{89B1145F-C03C-4E1B-9F48-19A0C6AC27E4}.Release|Any CPU.Build.0 = Release|Any CPU
		{89B1145F-C03C-4E1B-9F48-19A0C6AC27E4}.Release|ARM.ActiveCfg = Release|Any CPU
		{89B1145F-C03C-4E1B-9F48-19A0C6AC27E4}.Release|ARM.Build.0 = Release|Any CPU
		{89B1145F-C03C-4E1B-9F48-19A0C6AC27E4}.Release|arm64.ActiveCfg = Release|arm64
		{89B1145F-C03C-4E1B-9F48-19A0C6AC27E4}.Release|arm64.Build.0 = Release|arm64
		{89B1145F-C03C-4E1B-9F48-19A0C6AC27E4}.Release|x64.ActiveCfg = Release|Any CPU
		{89B1145F-C03C-4E1B-9F48-19A0C6AC27E4}.Release|x64.Build.0 = Release|Any CPU
		{89B1145F-C03C-4E1B-9F48-19A0C6AC27E4}.Release|x86.ActiveCfg = Release|x86
		{89B1145F-C03C-4E1B-9F48-19A0C6AC27E4}.Release|x86.Build.0 = Release|x86
		{EB6EC3F4-0AA8-47C5-8C84-49178070565E}.Debug|Any CPU.ActiveCfg = Debug|x64
		{EB6EC3F4-0AA8-47C5-8C84-49178070565E}.Debug|Any CPU.Build.0 = Debug|x64
		{EB6EC3F4-0AA8-47C5-8C84-49178070565E}.Debug|ARM.ActiveCfg = Debug|ARM
		{EB6EC3F4-0AA8-47C5-8C84-49178070565E}.Debug|ARM.Build.0 = Debug|ARM
		{EB6EC3F4-0AA8-47C5-8C84-49178070565E}.Debug|arm64.ActiveCfg = Debug|x64
		{EB6EC3F4-0AA8-47C5-8C84-49178070565E}.Debug|arm64.Build.0 = Debug|x64
		{EB6EC3F4-0AA8-47C5-8C84-49178070565E}.Debug|x64.ActiveCfg = Debug|x64
		{EB6EC3F4-0AA8-47C5-8C84-49178070565E}.Debug|x64.Build.0 = Debug|x64
		{EB6EC3F4-0AA8-47C5-8C84-49178070565E}.Debug|x86.ActiveCfg = Debug|Win32
		{EB6EC3F4-0AA8-47C5-8C84-49178070565E}.Debug|x86.Build.0 = Debug|Win32
		{EB6EC3F4-0AA8-47C5-8C84-49178070565E}.Release|Any CPU.ActiveCfg = Release|x64
		{EB6EC3F4-0AA8-47C5-8C84-49178070565E}.Release|Any CPU.Build.0 = Release|x64
		{EB6EC3F4-0AA8-47C5-8C84-49178070565E}.Release|ARM.ActiveCfg = Release|ARM
		{EB6EC3F4-0AA8-47C5-8C84-49178070565E}.Release|ARM.Build.0 = Release|ARM
		{EB6EC3F4-0AA8-47C5-8C84-49178070565E}.Release|arm64.ActiveCfg = Release|x64
		{EB6EC3F4-0AA8-47C5-8C84-49178070565E}.Release|arm64.Build.0 = Release|x64
		{EB6EC3F4-0AA8-47C5-8C84-49178070565E}.Release|x64.ActiveCfg = Release|x64
		{EB6EC3F4-0AA8-47C5-8C84-49178070565E}.Release|x64.Build.0 = Release|x64
		{EB6EC3F4-0AA8-47C5-8C84-49178070565E}.Release|x86.ActiveCfg = Release|Win32
		{EB6EC3F4-0AA8-47C5-8C84-49178070565E}.Release|x86.Build.0 = Release|Win32
		{4AC669F7-246F-4509-AA6E-2EC3123A546E}.Debug|Any CPU.ActiveCfg = Debug|x64
		{4AC669F7-246F-4509-AA6E-2EC3123A546E}.Debug|Any CPU.Build.0 = Debug|x64
		{4AC669F7-246F-4509-AA6E-2EC3123A546E}.Debug|ARM.ActiveCfg = Debug|x64
		{4AC669F7-246F-4509-AA6E-2EC3123A546E}.Debug|ARM.Build.0 = Debug|x64
		{4AC669F7-246F-4509-AA6E-2EC3123A546E}.Debug|arm64.ActiveCfg = Debug|x64
		{4AC669F7-246F-4509-AA6E-2EC3123A546E}.Debug|arm64.Build.0 = Debug|x64
		{4AC669F7-246F-4509-AA6E-2EC3123A546E}.Debug|x64.ActiveCfg = Debug|x64
		{4AC669F7-246F-4509-AA6E-2EC3123A546E}.Debug|x64.Build.0 = Debug|x64
		{4AC669F7-246F-4509-AA6E-2EC3123A546E}.Debug|x86.ActiveCfg = Debug|Win32
		{4AC669F7-246F-4509-AA6E-2EC3123A546E}.Debug|x86.Build.0 = Debug|Win32
		{4AC669F7-246F-4509-AA6E-2EC3123A546E}.Release|Any CPU.ActiveCfg = Release|x64
		{4AC669F7-246F-4509-AA6E-2EC3123A546E}.Release|Any CPU.Build.0 = Release|x64
		{4AC669F7-246F-4509-AA6E-2EC3123A546E}.Release|ARM.ActiveCfg = Release|x64
		{4AC669F7-246F-4509-AA6E-2EC3123A546E}.Release|ARM.Build.0 = Release|x64
		{4AC669F7-246F-4509-AA6E-2EC3123A546E}.Release|arm64.ActiveCfg = Release|x64
		{4AC669F7-246F-4509-AA6E-2EC3123A546E}.Release|arm64.Build.0 = Release|x64
		{4AC669F7-246F-4509-AA6E-2EC3123A546E}.Release|x64.ActiveCfg = Release|x64
		{4AC669F7-246F-4509-AA6E-2EC3123A546E}.Release|x64.Build.0 = Release|x64
		{4AC669F7-246F-4509-AA6E-2EC3123A546E}.Release|x86.ActiveCfg = Release|Win32
		{4AC669F7-246F-4509-AA6E-2EC3123A546E}.Release|x86.Build.0 = Release|Win32
		{71DAC1F6-1BC7-41E7-A880-1624CF0743CF}.Debug|Any CPU.ActiveCfg = Debug|x64
		{71DAC1F6-1BC7-41E7-A880-1624CF0743CF}.Debug|Any CPU.Build.0 = Debug|x64
		{71DAC1F6-1BC7-41E7-A880-1624CF0743CF}.Debug|ARM.ActiveCfg = Debug|x64
		{71DAC1F6-1BC7-41E7-A880-1624CF0743CF}.Debug|ARM.Build.0 = Debug|x64
		{71DAC1F6-1BC7-41E7-A880-1624CF0743CF}.Debug|arm64.ActiveCfg = Debug|x64
		{71DAC1F6-1BC7-41E7-A880-1624CF0743CF}.Debug|arm64.Build.0 = Debug|x64
		{71DAC1F6-1BC7-41E7-A880-1624CF0743CF}.Debug|x64.ActiveCfg = Debug|x64
		{71DAC1F6-1BC7-41E7-A880-1624CF0743CF}.Debug|x64.Build.0 = Debug|x64
		{71DAC1F6-1BC7-41E7-A880-1624CF0743CF}.Debug|x86.ActiveCfg = Debug|Win32
		{71DAC1F6-1BC7-41E7-A880-1624CF0743CF}.Debug|x86.Build.0 = Debug|Win32
		{71DAC1F6-1BC7-41E7-A880-1624CF0743CF}.Release|Any CPU.ActiveCfg = Release|x64
		{71DAC1F6-1BC7-41E7-A880-1624CF0743CF}.Release|Any CPU.Build.0 = Release|x64
		{71DAC1F6-1BC7-41E7-A880-1624CF0743CF}.Release|ARM.ActiveCfg = Release|x64
		{71DAC1F6-1BC7-41E7-A880-1624CF0743CF}.Release|ARM.Build.0 = Release|x64
		{71DAC1F6-1BC7-41E7-A880-1624CF0743CF}.Release|arm64.ActiveCfg = Release|x64
		{71DAC1F6-1BC7-41E7-A880-1624CF0743CF}.Release|arm64.Build.0 = Release|x64
		{71DAC1F6-1BC7-41E7-A880-1624CF0743CF}.Release|x64.ActiveCfg = Release|x64
		{71DAC1F6-1BC7-41E7-A880-1624CF0743CF}.Release|x64.Build.0 = Release|x64
		{71DAC1F6-1BC7-41E7-A880-1624CF0743CF}.Release|x86.ActiveCfg = Release|Win32
		{71DAC1F6-1BC7-41E7-A880-1624CF0743CF}.Release|x86.Build.0 = Release|Win32
		{FD40DEAE-7749-4C0A-89FE-548C071A3664}.Debug|Any CPU.ActiveCfg = Debug|x64
		{FD40DEAE-7749-4C0A-89FE-548C071A3664}.Debug|Any CPU.Build.0 = Debug|x64
		{FD40DEAE-7749-4C0A-89FE-548C071A3664}.Debug|ARM.ActiveCfg = Debug|x64
		{FD40DEAE-7749-4C0A-89FE-548C071A3664}.Debug|ARM.Build.0 = Debug|x64
		{FD40DEAE-7749-4C0A-89FE-548C071A3664}.Debug|arm64.ActiveCfg = Debug|x64
		{FD40DEAE-7749-4C0A-89FE-548C071A3664}.Debug|arm64.Build.0 = Debug|x64
		{FD40DEAE-7749-4C0A-89FE-548C071A3664}.Debug|x64.ActiveCfg = Debug|x64
		{FD40DEAE-7749-4C0A-89FE-548C071A3664}.Debug|x64.Build.0 = Debug|x64
		{FD40DEAE-7749-4C0A-89FE-548C071A3664}.Debug|x86.ActiveCfg = Debug|Win32
		{FD40DEAE-7749-4C0A-89FE-548C071A3664}.Debug|x86.Build.0 = Debug|Win32
		{FD40DEAE-7749-4C0A-89FE-548C071A3664}.Release|Any CPU.ActiveCfg = Release|x64
		{FD40DEAE-7749-4C0A-89FE-548C071A3664}.Release|Any CPU.Build.0 = Release|x64
		{FD40DEAE-7749-4C0A-89FE-548C071A3664}.Release|ARM.ActiveCfg = Release|x64
		{FD40DEAE-7749-4C0A-89FE-548C071A3664}.Release|ARM.Build.0 = Release|x64
		{FD40DEAE-7749-4C0A-89FE-548C071A3664}.Release|arm64.ActiveCfg = Release|x64
		{FD40DEAE-7749-4C0A-89FE-548C071A3664}.Release|arm64.Build.0 = Release|x64
		{FD40DEAE-7749-4C0A-89FE-548C071A3664}.Release|x64.ActiveCfg = Release|x64
		{FD40DEAE-7749-4C0A-89FE-548C071A3664}.Release|x64.Build.0 = Release|x64
		{FD40DEAE-7749-4C0A-89FE-548C071A3664}.Release|x86.ActiveCfg = Release|Win32
		{FD40DEAE-7749-4C0A-89FE-548C071A3664}.Release|x86.Build.0 = Release|Win32
	EndGlobalSection
	GlobalSection(SolutionProperties) = preSolution
		HideSolutionNode = FALSE
	EndGlobalSection
	GlobalSection(ExtensibilityGlobals) = postSolution
		SolutionGuid = {0FAFA33D-E965-4705-BEF4-14FA69CACDE0}
	EndGlobalSection
EndGlobal
